
Microsoft Visual Studio Solution File, Format Version 12.00
# Visual Studio Version 17
VisualStudioVersion = 17.8.34511.84
MinimumVisualStudioVersion = 10.0.40219.1
Project("{FAE04EC0-301F-11D3-BF4B-00C04F79EFBC}") = "VegetablesFruitsApp", "VegetablesFruitsApp\VegetablesFruitsApp.csproj", "{5E91D0C5-7621-42EB-85AC-E261930A040D}"
EndProject
Global
	GlobalSection(SolutionConfigurationPlatforms) = preSolution
		Debug|Any CPU = Debug|Any CPU
		Release|Any CPU = Release|Any CPU
	EndGlobalSection
	GlobalSection(ProjectConfigurationPlatforms) = postSolution
		{5E91D0C5-7621-42EB-85AC-E261930A040D}.Debug|Any CPU.ActiveCfg = Debug|Any CPU
		{5E91D0C5-7621-42EB-85AC-E261930A040D}.Debug|Any CPU.Build.0 = Debug|Any CPU
		{5E91D0C5-7621-42EB-85AC-E261930A040D}.Release|Any CPU.ActiveCfg = Release|Any CPU
		{5E91D0C5-7621-42EB-85AC-E261930A040D}.Release|Any CPU.Build.0 = Release|Any CPU
	EndGlobalSection
	GlobalSection(SolutionProperties) = preSolution
		HideSolutionNode = FALSE
	EndGlobalSection
	GlobalSection(ExtensibilityGlobals) = postSolution
		SolutionGuid = {CCC304DE-355B-4ABC-AD47-9E706CCAF441}
	EndGlobalSection
EndGlobal
